// !$*UTF8*$!
{
	archiveVersion = 1;
	classes = {
	};
	objectVersion = 55;
	objects = {

/* Begin PBXBuildFile section */
		1EFC2328734D0CC48B978F5D /* Pods_CountriesAPI_iOSTask.framework in Frameworks */ = {isa = PBXBuildFile; fileRef = 72B6D616FC77937B8CD5B024 /* Pods_CountriesAPI_iOSTask.framework */; };
		2E54BBCB27C397920052D2E8 /* AppDelegate.swift in Sources */ = {isa = PBXBuildFile; fileRef = 2E54BBCA27C397920052D2E8 /* AppDelegate.swift */; };
		2E54BBCD27C397920052D2E8 /* SceneDelegate.swift in Sources */ = {isa = PBXBuildFile; fileRef = 2E54BBCC27C397920052D2E8 /* SceneDelegate.swift */; };
		2E54BBCF27C397920052D2E8 /* CountriesListViewController.swift in Sources */ = {isa = PBXBuildFile; fileRef = 2E54BBCE27C397920052D2E8 /* CountriesListViewController.swift */; };
		2E54BBD227C397920052D2E8 /* Main.storyboard in Resources */ = {isa = PBXBuildFile; fileRef = 2E54BBD027C397920052D2E8 /* Main.storyboard */; };
		2E54BBD427C397950052D2E8 /* Assets.xcassets in Resources */ = {isa = PBXBuildFile; fileRef = 2E54BBD327C397950052D2E8 /* Assets.xcassets */; };
		2E54BBD727C397950052D2E8 /* LaunchScreen.storyboard in Resources */ = {isa = PBXBuildFile; fileRef = 2E54BBD527C397950052D2E8 /* LaunchScreen.storyboard */; };
		2E54BBE727C39CD40052D2E8 /* APIError.swift in Sources */ = {isa = PBXBuildFile; fileRef = 2E54BBE327C39CD40052D2E8 /* APIError.swift */; };
		2E54BBE827C39CD40052D2E8 /* RemoteService.swift in Sources */ = {isa = PBXBuildFile; fileRef = 2E54BBE427C39CD40052D2E8 /* RemoteService.swift */; };
		2E54BBE927C39CD40052D2E8 /* APIRouter.swift in Sources */ = {isa = PBXBuildFile; fileRef = 2E54BBE527C39CD40052D2E8 /* APIRouter.swift */; };
		2E54BBEA27C39CD40052D2E8 /* APICosntants.swift in Sources */ = {isa = PBXBuildFile; fileRef = 2E54BBE627C39CD40052D2E8 /* APICosntants.swift */; };
		2E54BBED27C39D7E0052D2E8 /* CountriesListViewModel.swift in Sources */ = {isa = PBXBuildFile; fileRef = 2E54BBEC27C39D7E0052D2E8 /* CountriesListViewModel.swift */; };
		2E54BBF027C39E0C0052D2E8 /* CountriesListViewModelProtocol.swift in Sources */ = {isa = PBXBuildFile; fileRef = 2E54BBEF27C39E0C0052D2E8 /* CountriesListViewModelProtocol.swift */; };
		2E54BBF327C39E490052D2E8 /* CountryUIModel.swift in Sources */ = {isa = PBXBuildFile; fileRef = 2E54BBF227C39E490052D2E8 /* CountryUIModel.swift */; };
		2E54BBF627C39E630052D2E8 /* CountryModel.swift in Sources */ = {isa = PBXBuildFile; fileRef = 2E54BBF527C39E630052D2E8 /* CountryModel.swift */; };
		2E54BBF827C39E810052D2E8 /* CountriesListViewControllerProtocol.swift in Sources */ = {isa = PBXBuildFile; fileRef = 2E54BBF727C39E810052D2E8 /* CountriesListViewControllerProtocol.swift */; };
		2E54BBFA27C39F590052D2E8 /* RemoteServiceProtocol.swift in Sources */ = {isa = PBXBuildFile; fileRef = 2E54BBF927C39F590052D2E8 /* RemoteServiceProtocol.swift */; };
		2E54BBFE27C3A10E0052D2E8 /* UIViewControllerExtensions.swift in Sources */ = {isa = PBXBuildFile; fileRef = 2E54BBFD27C3A10E0052D2E8 /* UIViewControllerExtensions.swift */; };
		2E54BC0027C3A5BF0052D2E8 /* CountryDetailsViewController.swift in Sources */ = {isa = PBXBuildFile; fileRef = 2E54BBFF27C3A5BF0052D2E8 /* CountryDetailsViewController.swift */; };
		2E54BC0827C3A7480052D2E8 /* LocalService.swift in Sources */ = {isa = PBXBuildFile; fileRef = 2E54BC0327C3A7480052D2E8 /* LocalService.swift */; };
		2E54BC0927C3A7480052D2E8 /* LocalServiceProtocol.swift in Sources */ = {isa = PBXBuildFile; fileRef = 2E54BC0527C3A7480052D2E8 /* LocalServiceProtocol.swift */; };
		2E54BC0A27C3A7480052D2E8 /* CountryEntity.swift in Sources */ = {isa = PBXBuildFile; fileRef = 2E54BC0727C3A7480052D2E8 /* CountryEntity.swift */; };
		2E54BC0C27C3AB470052D2E8 /* CLLocationExtensions.swift in Sources */ = {isa = PBXBuildFile; fileRef = 2E54BC0B27C3AB470052D2E8 /* CLLocationExtensions.swift */; };
/* End PBXBuildFile section */

/* Begin PBXFileReference section */
		2B64A4834BC6E0B180F525B8 /* Pods-CountriesAPI_iOSTask.release.xcconfig */ = {isa = PBXFileReference; includeInIndex = 1; lastKnownFileType = text.xcconfig; name = "Pods-CountriesAPI_iOSTask.release.xcconfig"; path = "Target Support Files/Pods-CountriesAPI_iOSTask/Pods-CountriesAPI_iOSTask.release.xcconfig"; sourceTree = "<group>"; };
		2E54BBC727C397920052D2E8 /* CountriesAPI_iOSTask.app */ = {isa = PBXFileReference; explicitFileType = wrapper.application; includeInIndex = 0; path = CountriesAPI_iOSTask.app; sourceTree = BUILT_PRODUCTS_DIR; };
		2E54BBCA27C397920052D2E8 /* AppDelegate.swift */ = {isa = PBXFileReference; lastKnownFileType = sourcecode.swift; path = AppDelegate.swift; sourceTree = "<group>"; };
		2E54BBCC27C397920052D2E8 /* SceneDelegate.swift */ = {isa = PBXFileReference; lastKnownFileType = sourcecode.swift; path = SceneDelegate.swift; sourceTree = "<group>"; };
		2E54BBCE27C397920052D2E8 /* CountriesListViewController.swift */ = {isa = PBXFileReference; lastKnownFileType = sourcecode.swift; path = CountriesListViewController.swift; sourceTree = "<group>"; };
		2E54BBD127C397920052D2E8 /* Base */ = {isa = PBXFileReference; lastKnownFileType = file.storyboard; name = Base; path = Base.lproj/Main.storyboard; sourceTree = "<group>"; };
		2E54BBD327C397950052D2E8 /* Assets.xcassets */ = {isa = PBXFileReference; lastKnownFileType = folder.assetcatalog; path = Assets.xcassets; sourceTree = "<group>"; };
		2E54BBD627C397950052D2E8 /* Base */ = {isa = PBXFileReference; lastKnownFileType = file.storyboard; name = Base; path = Base.lproj/LaunchScreen.storyboard; sourceTree = "<group>"; };
		2E54BBD827C397950052D2E8 /* Info.plist */ = {isa = PBXFileReference; lastKnownFileType = text.plist.xml; path = Info.plist; sourceTree = "<group>"; };
		2E54BBE327C39CD40052D2E8 /* APIError.swift */ = {isa = PBXFileReference; fileEncoding = 4; lastKnownFileType = sourcecode.swift; path = APIError.swift; sourceTree = "<group>"; };
		2E54BBE427C39CD40052D2E8 /* RemoteService.swift */ = {isa = PBXFileReference; fileEncoding = 4; lastKnownFileType = sourcecode.swift; path = RemoteService.swift; sourceTree = "<group>"; };
		2E54BBE527C39CD40052D2E8 /* APIRouter.swift */ = {isa = PBXFileReference; fileEncoding = 4; lastKnownFileType = sourcecode.swift; path = APIRouter.swift; sourceTree = "<group>"; };
		2E54BBE627C39CD40052D2E8 /* APICosntants.swift */ = {isa = PBXFileReference; fileEncoding = 4; lastKnownFileType = sourcecode.swift; path = APICosntants.swift; sourceTree = "<group>"; };
		2E54BBEC27C39D7E0052D2E8 /* CountriesListViewModel.swift */ = {isa = PBXFileReference; lastKnownFileType = sourcecode.swift; path = CountriesListViewModel.swift; sourceTree = "<group>"; };
		2E54BBEF27C39E0C0052D2E8 /* CountriesListViewModelProtocol.swift */ = {isa = PBXFileReference; lastKnownFileType = sourcecode.swift; path = CountriesListViewModelProtocol.swift; sourceTree = "<group>"; };
		2E54BBF227C39E490052D2E8 /* CountryUIModel.swift */ = {isa = PBXFileReference; lastKnownFileType = sourcecode.swift; path = CountryUIModel.swift; sourceTree = "<group>"; };
		2E54BBF527C39E630052D2E8 /* CountryModel.swift */ = {isa = PBXFileReference; lastKnownFileType = sourcecode.swift; path = CountryModel.swift; sourceTree = "<group>"; };
		2E54BBF727C39E810052D2E8 /* CountriesListViewControllerProtocol.swift */ = {isa = PBXFileReference; lastKnownFileType = sourcecode.swift; path = CountriesListViewControllerProtocol.swift; sourceTree = "<group>"; };
		2E54BBF927C39F590052D2E8 /* RemoteServiceProtocol.swift */ = {isa = PBXFileReference; lastKnownFileType = sourcecode.swift; path = RemoteServiceProtocol.swift; sourceTree = "<group>"; };
		2E54BBFD27C3A10E0052D2E8 /* UIViewControllerExtensions.swift */ = {isa = PBXFileReference; lastKnownFileType = sourcecode.swift; path = UIViewControllerExtensions.swift; sourceTree = "<group>"; };
		2E54BBFF27C3A5BF0052D2E8 /* CountryDetailsViewController.swift */ = {isa = PBXFileReference; lastKnownFileType = sourcecode.swift; path = CountryDetailsViewController.swift; sourceTree = "<group>"; };
		2E54BC0327C3A7480052D2E8 /* LocalService.swift */ = {isa = PBXFileReference; fileEncoding = 4; lastKnownFileType = sourcecode.swift; path = LocalService.swift; sourceTree = "<group>"; };
		2E54BC0527C3A7480052D2E8 /* LocalServiceProtocol.swift */ = {isa = PBXFileReference; fileEncoding = 4; lastKnownFileType = sourcecode.swift; path = LocalServiceProtocol.swift; sourceTree = "<group>"; };
		2E54BC0727C3A7480052D2E8 /* CountryEntity.swift */ = {isa = PBXFileReference; fileEncoding = 4; lastKnownFileType = sourcecode.swift; path = CountryEntity.swift; sourceTree = "<group>"; };
		2E54BC0B27C3AB470052D2E8 /* CLLocationExtensions.swift */ = {isa = PBXFileReference; lastKnownFileType = sourcecode.swift; path = CLLocationExtensions.swift; sourceTree = "<group>"; };
		72B6D616FC77937B8CD5B024 /* Pods_CountriesAPI_iOSTask.framework */ = {isa = PBXFileReference; explicitFileType = wrapper.framework; includeInIndex = 0; path = Pods_CountriesAPI_iOSTask.framework; sourceTree = BUILT_PRODUCTS_DIR; };
		EFF46C8D2F60630B0C66E7F7 /* Pods-CountriesAPI_iOSTask.debug.xcconfig */ = {isa = PBXFileReference; includeInIndex = 1; lastKnownFileType = text.xcconfig; name = "Pods-CountriesAPI_iOSTask.debug.xcconfig"; path = "Target Support Files/Pods-CountriesAPI_iOSTask/Pods-CountriesAPI_iOSTask.debug.xcconfig"; sourceTree = "<group>"; };
/* End PBXFileReference section */

/* Begin PBXFrameworksBuildPhase section */
		2E54BBC427C397920052D2E8 /* Frameworks */ = {
			isa = PBXFrameworksBuildPhase;
			buildActionMask = 2147483647;
			files = (
				1EFC2328734D0CC48B978F5D /* Pods_CountriesAPI_iOSTask.framework in Frameworks */,
			);
			runOnlyForDeploymentPostprocessing = 0;
		};
/* End PBXFrameworksBuildPhase section */

/* Begin PBXGroup section */
		2CCD9348FC76B52E7C1D7173 /* Frameworks */ = {
			isa = PBXGroup;
			children = (
				72B6D616FC77937B8CD5B024 /* Pods_CountriesAPI_iOSTask.framework */,
			);
			name = Frameworks;
			sourceTree = "<group>";
		};
		2E54BBBE27C397910052D2E8 = {
			isa = PBXGroup;
			children = (
				2E54BBC927C397920052D2E8 /* CountriesAPI_iOSTask */,
				2E54BBC827C397920052D2E8 /* Products */,
				6FC36CFABEBBF9262EBF1E45 /* Pods */,
				2CCD9348FC76B52E7C1D7173 /* Frameworks */,
			);
			sourceTree = "<group>";
		};
		2E54BBC827C397920052D2E8 /* Products */ = {
			isa = PBXGroup;
			children = (
				2E54BBC727C397920052D2E8 /* CountriesAPI_iOSTask.app */,
			);
			name = Products;
			sourceTree = "<group>";
		};
		2E54BBC927C397920052D2E8 /* CountriesAPI_iOSTask */ = {
			isa = PBXGroup;
			children = (
				2E54BBFB27C3A0F40052D2E8 /* Common */,
				2E54BC0D27C3AF070052D2E8 /* AllCountries */,
				2E54BBDE27C398010052D2E8 /* AppFiles */,
			);
			path = CountriesAPI_iOSTask;
			sourceTree = "<group>";
		};
		2E54BBDE27C398010052D2E8 /* AppFiles */ = {
			isa = PBXGroup;
			children = (
				2E54BBD827C397950052D2E8 /* Info.plist */,
				2E54BBCA27C397920052D2E8 /* AppDelegate.swift */,
				2E54BBCC27C397920052D2E8 /* SceneDelegate.swift */,
				2E54BBD327C397950052D2E8 /* Assets.xcassets */,
				2E54BBD527C397950052D2E8 /* LaunchScreen.storyboard */,
			);
			name = AppFiles;
			sourceTree = "<group>";
		};
		2E54BBE027C399F40052D2E8 /* Controllers */ = {
			isa = PBXGroup;
			children = (
				2E54BBCE27C397920052D2E8 /* CountriesListViewController.swift */,
				2E54BBFF27C3A5BF0052D2E8 /* CountryDetailsViewController.swift */,
			);
			name = Controllers;
			path = ..;
			sourceTree = "<group>";
		};
		2E54BBE127C399FC0052D2E8 /* Views */ = {
			isa = PBXGroup;
			children = (
				2E54BBD027C397920052D2E8 /* Main.storyboard */,
			);
			name = Views;
			sourceTree = "<group>";
		};
		2E54BBE227C39CD40052D2E8 /* DataSource */ = {
			isa = PBXGroup;
			children = (
				2E54BBE327C39CD40052D2E8 /* APIError.swift */,
				2E54BBE427C39CD40052D2E8 /* RemoteService.swift */,
				2E54BBE527C39CD40052D2E8 /* APIRouter.swift */,
				2E54BBE627C39CD40052D2E8 /* APICosntants.swift */,
			);
			path = DataSource;
			sourceTree = "<group>";
		};
		2E54BBEB27C39CE20052D2E8 /* ViewModels */ = {
			isa = PBXGroup;
			children = (
				2E54BBEC27C39D7E0052D2E8 /* CountriesListViewModel.swift */,
			);
			name = ViewModels;
			path = ..;
			sourceTree = "<group>";
		};
		2E54BBEE27C39E000052D2E8 /* Protocols */ = {
			isa = PBXGroup;
			children = (
				2E54BBEF27C39E0C0052D2E8 /* CountriesListViewModelProtocol.swift */,
				2E54BBF727C39E810052D2E8 /* CountriesListViewControllerProtocol.swift */,
			);
			name = Protocols;
			path = ..;
			sourceTree = "<group>";
		};
		2E54BBF127C39E3D0052D2E8 /* UIModels */ = {
			isa = PBXGroup;
			children = (
				2E54BBF227C39E490052D2E8 /* CountryUIModel.swift */,
			);
			name = UIModels;
			sourceTree = "<group>";
		};
		2E54BBF427C39E5D0052D2E8 /* Models */ = {
			isa = PBXGroup;
			children = (
				2E54BBF527C39E630052D2E8 /* CountryModel.swift */,
			);
			name = Models;
			sourceTree = "<group>";
		};
		2E54BBFB27C3A0F40052D2E8 /* Common */ = {
			isa = PBXGroup;
			children = (
				2E54BBE127C399FC0052D2E8 /* Views */,
				2E54BBFC27C3A0F90052D2E8 /* Extensions */,
			);
			name = Common;
			sourceTree = "<group>";
		};
		2E54BBFC27C3A0F90052D2E8 /* Extensions */ = {
			isa = PBXGroup;
			children = (
				2E54BBFD27C3A10E0052D2E8 /* UIViewControllerExtensions.swift */,
				2E54BC0B27C3AB470052D2E8 /* CLLocationExtensions.swift */,
			);
			name = Extensions;
			sourceTree = "<group>";
		};
		2E54BC0127C3A7480052D2E8 /* LocalCountries */ = {
			isa = PBXGroup;
			children = (
				2E54BC0227C3A7480052D2E8 /* DataSource */,
				2E54BC0627C3A7480052D2E8 /* Entities */,
				2E54BC0427C3A7480052D2E8 /* Protocols */,
			);
			path = LocalCountries;
			sourceTree = "<group>";
		};
		2E54BC0227C3A7480052D2E8 /* DataSource */ = {
			isa = PBXGroup;
			children = (
				2E54BC0327C3A7480052D2E8 /* LocalService.swift */,
			);
			path = DataSource;
			sourceTree = "<group>";
		};
		2E54BC0427C3A7480052D2E8 /* Protocols */ = {
			isa = PBXGroup;
			children = (
				2E54BC0527C3A7480052D2E8 /* LocalServiceProtocol.swift */,
			);
			path = Protocols;
			sourceTree = "<group>";
		};
		2E54BC0627C3A7480052D2E8 /* Entities */ = {
			isa = PBXGroup;
			children = (
				2E54BC0727C3A7480052D2E8 /* CountryEntity.swift */,
			);
			path = Entities;
			sourceTree = "<group>";
		};
		2E54BC0D27C3AF070052D2E8 /* AllCountries */ = {
			isa = PBXGroup;
			children = (
				2E54BC1127C3AFF30052D2E8 /* Core */,
				2E54BC0E27C3AF150052D2E8 /* RemoteCountries */,
				2E54BC0127C3A7480052D2E8 /* LocalCountries */,
			);
			name = AllCountries;
			sourceTree = "<group>";
		};
		2E54BC0E27C3AF150052D2E8 /* RemoteCountries */ = {
			isa = PBXGroup;
			children = (
				2E54BBE227C39CD40052D2E8 /* DataSource */,
				2E54BBF427C39E5D0052D2E8 /* Models */,
				2E54BC0F27C3AF370052D2E8 /* Protocols */,
				2E54BBF127C39E3D0052D2E8 /* UIModels */,
			);
			name = RemoteCountries;
			sourceTree = "<group>";
		};
		2E54BC0F27C3AF370052D2E8 /* Protocols */ = {
			isa = PBXGroup;
			children = (
				2E54BBF927C39F590052D2E8 /* RemoteServiceProtocol.swift */,
			);
			name = Protocols;
			sourceTree = "<group>";
		};
		2E54BC1127C3AFF30052D2E8 /* Core */ = {
			isa = PBXGroup;
			children = (
				2E54BBE027C399F40052D2E8 /* Controllers */,
				2E54BBEB27C39CE20052D2E8 /* ViewModels */,
				2E54BBEE27C39E000052D2E8 /* Protocols */,
			);
			path = Core;
			sourceTree = "<group>";
		};
		6FC36CFABEBBF9262EBF1E45 /* Pods */ = {
			isa = PBXGroup;
			children = (
				EFF46C8D2F60630B0C66E7F7 /* Pods-CountriesAPI_iOSTask.debug.xcconfig */,
				2B64A4834BC6E0B180F525B8 /* Pods-CountriesAPI_iOSTask.release.xcconfig */,
			);
			path = Pods;
			sourceTree = "<group>";
		};
/* End PBXGroup section */

/* Begin PBXNativeTarget section */
		2E54BBC627C397920052D2E8 /* CountriesAPI_iOSTask */ = {
			isa = PBXNativeTarget;
			buildConfigurationList = 2E54BBDB27C397950052D2E8 /* Build configuration list for PBXNativeTarget "CountriesAPI_iOSTask" */;
			buildPhases = (
				696FCBEADA7B076B7E04D948 /* [CP] Check Pods Manifest.lock */,
				2E03E7E227C3EEDD00BF4521 /* Run SwiftLint */,
				2E54BBC327C397920052D2E8 /* Sources */,
				2E54BBC427C397920052D2E8 /* Frameworks */,
				2E54BBC527C397920052D2E8 /* Resources */,
				B193BAC1198551167E8170E4 /* [CP] Embed Pods Frameworks */,
			);
			buildRules = (
			);
			dependencies = (
			);
			name = CountriesAPI_iOSTask;
			productName = CountriesAPI_iOSTask;
			productReference = 2E54BBC727C397920052D2E8 /* CountriesAPI_iOSTask.app */;
			productType = "com.apple.product-type.application";
		};
/* End PBXNativeTarget section */

/* Begin PBXProject section */
		2E54BBBF27C397910052D2E8 /* Project object */ = {
			isa = PBXProject;
			attributes = {
				BuildIndependentTargetsInParallel = 1;
				LastSwiftUpdateCheck = 1320;
				LastUpgradeCheck = 1320;
				TargetAttributes = {
					2E54BBC627C397920052D2E8 = {
						CreatedOnToolsVersion = 13.2.1;
					};
				};
			};
			buildConfigurationList = 2E54BBC227C397910052D2E8 /* Build configuration list for PBXProject "CountriesAPI_iOSTask" */;
			compatibilityVersion = "Xcode 13.0";
			developmentRegion = en;
			hasScannedForEncodings = 0;
			knownRegions = (
				en,
				Base,
			);
			mainGroup = 2E54BBBE27C397910052D2E8;
			productRefGroup = 2E54BBC827C397920052D2E8 /* Products */;
			projectDirPath = "";
			projectRoot = "";
			targets = (
				2E54BBC627C397920052D2E8 /* CountriesAPI_iOSTask */,
			);
		};
/* End PBXProject section */

/* Begin PBXResourcesBuildPhase section */
		2E54BBC527C397920052D2E8 /* Resources */ = {
			isa = PBXResourcesBuildPhase;
			buildActionMask = 2147483647;
			files = (
				2E54BBD727C397950052D2E8 /* LaunchScreen.storyboard in Resources */,
				2E54BBD427C397950052D2E8 /* Assets.xcassets in Resources */,
				2E54BBD227C397920052D2E8 /* Main.storyboard in Resources */,
			);
			runOnlyForDeploymentPostprocessing = 0;
		};
/* End PBXResourcesBuildPhase section */

/* Begin PBXShellScriptBuildPhase section */
		2E03E7E227C3EEDD00BF4521 /* Run SwiftLint */ = {
			isa = PBXShellScriptBuildPhase;
			buildActionMask = 2147483647;
			files = (
			);
			inputFileListPaths = (
			);
			inputPaths = (
			);
			name = "Run SwiftLint";
			outputFileListPaths = (
			);
			outputPaths = (
			);
			runOnlyForDeploymentPostprocessing = 0;
			shellPath = /bin/sh;
			shellScript = "export PATH=\"$PATH:/opt/homebrew/bin\"\n\nif which swiftlint >/dev/null; then\n  swiftlint\nelse\n  echo \"warning: SwiftLint not installed, download from https://github.com/realm/SwiftLint\"\nfi\n";
		};
		696FCBEADA7B076B7E04D948 /* [CP] Check Pods Manifest.lock */ = {
			isa = PBXShellScriptBuildPhase;
			buildActionMask = 2147483647;
			files = (
			);
			inputFileListPaths = (
			);
			inputPaths = (
				"${PODS_PODFILE_DIR_PATH}/Podfile.lock",
				"${PODS_ROOT}/Manifest.lock",
			);
			name = "[CP] Check Pods Manifest.lock";
			outputFileListPaths = (
			);
			outputPaths = (
				"$(DERIVED_FILE_DIR)/Pods-CountriesAPI_iOSTask-checkManifestLockResult.txt",
			);
			runOnlyForDeploymentPostprocessing = 0;
			shellPath = /bin/sh;
			shellScript = "diff \"${PODS_PODFILE_DIR_PATH}/Podfile.lock\" \"${PODS_ROOT}/Manifest.lock\" > /dev/null\nif [ $? != 0 ] ; then\n    # print error to STDERR\n    echo \"error: The sandbox is not in sync with the Podfile.lock. Run 'pod install' or update your CocoaPods installation.\" >&2\n    exit 1\nfi\n# This output is used by Xcode 'outputs' to avoid re-running this script phase.\necho \"SUCCESS\" > \"${SCRIPT_OUTPUT_FILE_0}\"\n";
			showEnvVarsInLog = 0;
		};
		B193BAC1198551167E8170E4 /* [CP] Embed Pods Frameworks */ = {
			isa = PBXShellScriptBuildPhase;
			buildActionMask = 2147483647;
			files = (
			);
			inputFileListPaths = (
				"${PODS_ROOT}/Target Support Files/Pods-CountriesAPI_iOSTask/Pods-CountriesAPI_iOSTask-frameworks-${CONFIGURATION}-input-files.xcfilelist",
			);
			name = "[CP] Embed Pods Frameworks";
			outputFileListPaths = (
				"${PODS_ROOT}/Target Support Files/Pods-CountriesAPI_iOSTask/Pods-CountriesAPI_iOSTask-frameworks-${CONFIGURATION}-output-files.xcfilelist",
			);
			runOnlyForDeploymentPostprocessing = 0;
			shellPath = /bin/sh;
			shellScript = "\"${PODS_ROOT}/Target Support Files/Pods-CountriesAPI_iOSTask/Pods-CountriesAPI_iOSTask-frameworks.sh\"\n";
			showEnvVarsInLog = 0;
		};
/* End PBXShellScriptBuildPhase section */

/* Begin PBXSourcesBuildPhase section */
		2E54BBC327C397920052D2E8 /* Sources */ = {
			isa = PBXSourcesBuildPhase;
			buildActionMask = 2147483647;
			files = (
				2E54BC0927C3A7480052D2E8 /* LocalServiceProtocol.swift in Sources */,
				2E54BBCF27C397920052D2E8 /* CountriesListViewController.swift in Sources */,
				2E54BC0C27C3AB470052D2E8 /* CLLocationExtensions.swift in Sources */,
				2E54BBEA27C39CD40052D2E8 /* APICosntants.swift in Sources */,
				2E54BBF627C39E630052D2E8 /* CountryModel.swift in Sources */,
				2E54BBF327C39E490052D2E8 /* CountryUIModel.swift in Sources */,
				2E54BBE927C39CD40052D2E8 /* APIRouter.swift in Sources */,
				2E54BBF827C39E810052D2E8 /* CountriesListViewControllerProtocol.swift in Sources */,
				2E54BBFE27C3A10E0052D2E8 /* UIViewControllerExtensions.swift in Sources */,
				2E54BBED27C39D7E0052D2E8 /* CountriesListViewModel.swift in Sources */,
				2E54BBE827C39CD40052D2E8 /* RemoteService.swift in Sources */,
				2E54BC0827C3A7480052D2E8 /* LocalService.swift in Sources */,
				2E54BC0A27C3A7480052D2E8 /* CountryEntity.swift in Sources */,
				2E54BC0027C3A5BF0052D2E8 /* CountryDetailsViewController.swift in Sources */,
				2E54BBE727C39CD40052D2E8 /* APIError.swift in Sources */,
				2E54BBCB27C397920052D2E8 /* AppDelegate.swift in Sources */,
				2E54BBF027C39E0C0052D2E8 /* CountriesListViewModelProtocol.swift in Sources */,
				2E54BBCD27C397920052D2E8 /* SceneDelegate.swift in Sources */,
				2E54BBFA27C39F590052D2E8 /* RemoteServiceProtocol.swift in Sources */,
			);
			runOnlyForDeploymentPostprocessing = 0;
		};
/* End PBXSourcesBuildPhase section */

/* Begin PBXVariantGroup section */
		2E54BBD027C397920052D2E8 /* Main.storyboard */ = {
			isa = PBXVariantGroup;
			children = (
				2E54BBD127C397920052D2E8 /* Base */,
			);
			name = Main.storyboard;
			sourceTree = "<group>";
		};
		2E54BBD527C397950052D2E8 /* LaunchScreen.storyboard */ = {
			isa = PBXVariantGroup;
			children = (
				2E54BBD627C397950052D2E8 /* Base */,
			);
			name = LaunchScreen.storyboard;
			sourceTree = "<group>";
		};
/* End PBXVariantGroup section */

/* Begin XCBuildConfiguration section */
		2E54BBD927C397950052D2E8 /* Debug */ = {
			isa = XCBuildConfiguration;
			buildSettings = {
				ALWAYS_SEARCH_USER_PATHS = NO;
				CLANG_ANALYZER_NONNULL = YES;
				CLANG_ANALYZER_NUMBER_OBJECT_CONVERSION = YES_AGGRESSIVE;
				CLANG_CXX_LANGUAGE_STANDARD = "gnu++17";
				CLANG_CXX_LIBRARY = "libc++";
				CLANG_ENABLE_MODULES = YES;
				CLANG_ENABLE_OBJC_ARC = YES;
				CLANG_ENABLE_OBJC_WEAK = YES;
				CLANG_WARN_BLOCK_CAPTURE_AUTORELEASING = YES;
				CLANG_WARN_BOOL_CONVERSION = YES;
				CLANG_WARN_COMMA = YES;
				CLANG_WARN_CONSTANT_CONVERSION = YES;
				CLANG_WARN_DEPRECATED_OBJC_IMPLEMENTATIONS = YES;
				CLANG_WARN_DIRECT_OBJC_ISA_USAGE = YES_ERROR;
				CLANG_WARN_DOCUMENTATION_COMMENTS = YES;
				CLANG_WARN_EMPTY_BODY = YES;
				CLANG_WARN_ENUM_CONVERSION = YES;
				CLANG_WARN_INFINITE_RECURSION = YES;
				CLANG_WARN_INT_CONVERSION = YES;
				CLANG_WARN_NON_LITERAL_NULL_CONVERSION = YES;
				CLANG_WARN_OBJC_IMPLICIT_RETAIN_SELF = YES;
				CLANG_WARN_OBJC_LITERAL_CONVERSION = YES;
				CLANG_WARN_OBJC_ROOT_CLASS = YES_ERROR;
				CLANG_WARN_QUOTED_INCLUDE_IN_FRAMEWORK_HEADER = YES;
				CLANG_WARN_RANGE_LOOP_ANALYSIS = YES;
				CLANG_WARN_STRICT_PROTOTYPES = YES;
				CLANG_WARN_SUSPICIOUS_MOVE = YES;
				CLANG_WARN_UNGUARDED_AVAILABILITY = YES_AGGRESSIVE;
				CLANG_WARN_UNREACHABLE_CODE = YES;
				CLANG_WARN__DUPLICATE_METHOD_MATCH = YES;
				COPY_PHASE_STRIP = NO;
				DEBUG_INFORMATION_FORMAT = dwarf;
				ENABLE_STRICT_OBJC_MSGSEND = YES;
				ENABLE_TESTABILITY = YES;
				GCC_C_LANGUAGE_STANDARD = gnu11;
				GCC_DYNAMIC_NO_PIC = NO;
				GCC_NO_COMMON_BLOCKS = YES;
				GCC_OPTIMIZATION_LEVEL = 0;
				GCC_PREPROCESSOR_DEFINITIONS = (
					"DEBUG=1",
					"$(inherited)",
				);
				GCC_WARN_64_TO_32_BIT_CONVERSION = YES;
				GCC_WARN_ABOUT_RETURN_TYPE = YES_ERROR;
				GCC_WARN_UNDECLARED_SELECTOR = YES;
				GCC_WARN_UNINITIALIZED_AUTOS = YES_AGGRESSIVE;
				GCC_WARN_UNUSED_FUNCTION = YES;
				GCC_WARN_UNUSED_VARIABLE = YES;
				IPHONEOS_DEPLOYMENT_TARGET = 15.2;
				MTL_ENABLE_DEBUG_INFO = INCLUDE_SOURCE;
				MTL_FAST_MATH = YES;
				ONLY_ACTIVE_ARCH = YES;
				SDKROOT = iphoneos;
				SWIFT_ACTIVE_COMPILATION_CONDITIONS = DEBUG;
				SWIFT_OPTIMIZATION_LEVEL = "-Onone";
			};
			name = Debug;
		};
		2E54BBDA27C397950052D2E8 /* Release */ = {
			isa = XCBuildConfiguration;
			buildSettings = {
				ALWAYS_SEARCH_USER_PATHS = NO;
				CLANG_ANALYZER_NONNULL = YES;
				CLANG_ANALYZER_NUMBER_OBJECT_CONVERSION = YES_AGGRESSIVE;
				CLANG_CXX_LANGUAGE_STANDARD = "gnu++17";
				CLANG_CXX_LIBRARY = "libc++";
				CLANG_ENABLE_MODULES = YES;
				CLANG_ENABLE_OBJC_ARC = YES;
				CLANG_ENABLE_OBJC_WEAK = YES;
				CLANG_WARN_BLOCK_CAPTURE_AUTORELEASING = YES;
				CLANG_WARN_BOOL_CONVERSION = YES;
				CLANG_WARN_COMMA = YES;
				CLANG_WARN_CONSTANT_CONVERSION = YES;
				CLANG_WARN_DEPRECATED_OBJC_IMPLEMENTATIONS = YES;
				CLANG_WARN_DIRECT_OBJC_ISA_USAGE = YES_ERROR;
				CLANG_WARN_DOCUMENTATION_COMMENTS = YES;
				CLANG_WARN_EMPTY_BODY = YES;
				CLANG_WARN_ENUM_CONVERSION = YES;
				CLANG_WARN_INFINITE_RECURSION = YES;
				CLANG_WARN_INT_CONVERSION = YES;
				CLANG_WARN_NON_LITERAL_NULL_CONVERSION = YES;
				CLANG_WARN_OBJC_IMPLICIT_RETAIN_SELF = YES;
				CLANG_WARN_OBJC_LITERAL_CONVERSION = YES;
				CLANG_WARN_OBJC_ROOT_CLASS = YES_ERROR;
				CLANG_WARN_QUOTED_INCLUDE_IN_FRAMEWORK_HEADER = YES;
				CLANG_WARN_RANGE_LOOP_ANALYSIS = YES;
				CLANG_WARN_STRICT_PROTOTYPES = YES;
				CLANG_WARN_SUSPICIOUS_MOVE = YES;
				CLANG_WARN_UNGUARDED_AVAILABILITY = YES_AGGRESSIVE;
				CLANG_WARN_UNREACHABLE_CODE = YES;
				CLANG_WARN__DUPLICATE_METHOD_MATCH = YES;
				COPY_PHASE_STRIP = NO;
				DEBUG_INFORMATION_FORMAT = "dwarf-with-dsym";
				ENABLE_NS_ASSERTIONS = NO;
				ENABLE_STRICT_OBJC_MSGSEND = YES;
				GCC_C_LANGUAGE_STANDARD = gnu11;
				GCC_NO_COMMON_BLOCKS = YES;
				GCC_WARN_64_TO_32_BIT_CONVERSION = YES;
				GCC_WARN_ABOUT_RETURN_TYPE = YES_ERROR;
				GCC_WARN_UNDECLARED_SELECTOR = YES;
				GCC_WARN_UNINITIALIZED_AUTOS = YES_AGGRESSIVE;
				GCC_WARN_UNUSED_FUNCTION = YES;
				GCC_WARN_UNUSED_VARIABLE = YES;
				IPHONEOS_DEPLOYMENT_TARGET = 15.2;
				MTL_ENABLE_DEBUG_INFO = NO;
				MTL_FAST_MATH = YES;
				SDKROOT = iphoneos;
				SWIFT_COMPILATION_MODE = wholemodule;
				SWIFT_OPTIMIZATION_LEVEL = "-O";
				VALIDATE_PRODUCT = YES;
			};
			name = Release;
		};
		2E54BBDC27C397950052D2E8 /* Debug */ = {
			isa = XCBuildConfiguration;
			baseConfigurationReference = EFF46C8D2F60630B0C66E7F7 /* Pods-CountriesAPI_iOSTask.debug.xcconfig */;
			buildSettings = {
				ASSETCATALOG_COMPILER_APPICON_NAME = AppIcon;
				ASSETCATALOG_COMPILER_GLOBAL_ACCENT_COLOR_NAME = AccentColor;
				CODE_SIGN_STYLE = Automatic;
				CURRENT_PROJECT_VERSION = 1;
				DEVELOPMENT_TEAM = U6JX84M9ZS;
				GENERATE_INFOPLIST_FILE = YES;
				INFOPLIST_FILE = CountriesAPI_iOSTask/Info.plist;
				INFOPLIST_KEY_UIApplicationSupportsIndirectInputEvents = YES;
				INFOPLIST_KEY_UILaunchStoryboardName = LaunchScreen;
				INFOPLIST_KEY_UIMainStoryboardFile = Main;
				INFOPLIST_KEY_UISupportedInterfaceOrientations_iPad = "UIInterfaceOrientationPortrait UIInterfaceOrientationPortraitUpsideDown UIInterfaceOrientationLandscapeLeft UIInterfaceOrientationLandscapeRight";
				INFOPLIST_KEY_UISupportedInterfaceOrientations_iPhone = "UIInterfaceOrientationPortrait UIInterfaceOrientationLandscapeLeft UIInterfaceOrientationLandscapeRight";
				LD_RUNPATH_SEARCH_PATHS = (
					"$(inherited)",
					"@executable_path/Frameworks",
				);
				MARKETING_VERSION = 1.0;
				PRODUCT_BUNDLE_IDENTIFIER = "com.abanoub.CountriesAPI-iOSTask";
				PRODUCT_NAME = "$(TARGET_NAME)";
				SWIFT_EMIT_LOC_STRINGS = YES;
				SWIFT_VERSION = 5.0;
				TARGETED_DEVICE_FAMILY = "1,2";
			};
			name = Debug;
		};
		2E54BBDD27C397950052D2E8 /* Release */ = {
			isa = XCBuildConfiguration;
			baseConfigurationReference = 2B64A4834BC6E0B180F525B8 /* Pods-CountriesAPI_iOSTask.release.xcconfig */;
			buildSettings = {
				ASSETCATALOG_COMPILER_APPICON_NAME = AppIcon;
				ASSETCATALOG_COMPILER_GLOBAL_ACCENT_COLOR_NAME = AccentColor;
				CODE_SIGN_STYLE = Automatic;
				CURRENT_PROJECT_VERSION = 1;
				DEVELOPMENT_TEAM = U6JX84M9ZS;
				GENERATE_INFOPLIST_FILE = YES;
				INFOPLIST_FILE = CountriesAPI_iOSTask/Info.plist;
				INFOPLIST_KEY_UIApplicationSupportsIndirectInputEvents = YES;
				INFOPLIST_KEY_UILaunchStoryboardName = LaunchScreen;
				INFOPLIST_KEY_UIMainStoryboardFile = Main;
				INFOPLIST_KEY_UISupportedInterfaceOrientations_iPad = "UIInterfaceOrientationPortrait UIInterfaceOrientationPortraitUpsideDown UIInterfaceOrientationLandscapeLeft UIInterfaceOrientationLandscapeRight";
				INFOPLIST_KEY_UISupportedInterfaceOrientations_iPhone = "UIInterfaceOrientationPortrait UIInterfaceOrientationLandscapeLeft UIInterfaceOrientationLandscapeRight";
				LD_RUNPATH_SEARCH_PATHS = (
					"$(inherited)",
					"@executable_path/Frameworks",
				);
				MARKETING_VERSION = 1.0;
				PRODUCT_BUNDLE_IDENTIFIER = "com.abanoub.CountriesAPI-iOSTask";
				PRODUCT_NAME = "$(TARGET_NAME)";
				SWIFT_EMIT_LOC_STRINGS = YES;
				SWIFT_VERSION = 5.0;
				TARGETED_DEVICE_FAMILY = "1,2";
			};
			name = Release;
		};
/* End XCBuildConfiguration section */

/* Begin XCConfigurationList section */
		2E54BBC227C397910052D2E8 /* Build configuration list for PBXProject "CountriesAPI_iOSTask" */ = {
			isa = XCConfigurationList;
			buildConfigurations = (
				2E54BBD927C397950052D2E8 /* Debug */,
				2E54BBDA27C397950052D2E8 /* Release */,
			);
			defaultConfigurationIsVisible = 0;
			defaultConfigurationName = Release;
		};
		2E54BBDB27C397950052D2E8 /* Build configuration list for PBXNativeTarget "CountriesAPI_iOSTask" */ = {
			isa = XCConfigurationList;
			buildConfigurations = (
				2E54BBDC27C397950052D2E8 /* Debug */,
				2E54BBDD27C397950052D2E8 /* Release */,
			);
			defaultConfigurationIsVisible = 0;
			defaultConfigurationName = Release;
		};
/* End XCConfigurationList section */
	};
	rootObject = 2E54BBBF27C397910052D2E8 /* Project object */;
}
